
Microsoft Visual Studio Solution File, Format Version 12.00
# Visual Studio Version 17
VisualStudioVersion = 17.13.35825.156 d17.13
MinimumVisualStudioVersion = 10.0.40219.1
Project("{FAE04EC0-301F-11D3-BF4B-00C04F79EFBC}") = "PrimeiroProjeto", "PrimeiroProjeto\PrimeiroProjeto.csproj", "{6A63E82B-5590-4F57-8BA7-E09CE34BE112}"
EndProject
Global
	GlobalSection(SolutionConfigurationPlatforms) = preSolution
		Debug|Any CPU = Debug|Any CPU
		Release|Any CPU = Release|Any CPU
	EndGlobalSection
	GlobalSection(ProjectConfigurationPlatforms) = postSolution
		{6A63E82B-5590-4F57-8BA7-E09CE34BE112}.Debug|Any CPU.ActiveCfg = Debug|Any CPU
		{6A63E82B-5590-4F57-8BA7-E09CE34BE112}.Debug|Any CPU.Build.0 = Debug|Any CPU
		{6A63E82B-5590-4F57-8BA7-E09CE34BE112}.Release|Any CPU.ActiveCfg = Release|Any CPU
		{6A63E82B-5590-4F57-8BA7-E09CE34BE112}.Release|Any CPU.Build.0 = Release|Any CPU
	EndGlobalSection
	GlobalSection(SolutionProperties) = preSolution
		HideSolutionNode = FALSE
	EndGlobalSection
	GlobalSection(ExtensibilityGlobals) = postSolution
		SolutionGuid = {F8E5E3B7-CCC4-4AAA-8FB1-111822CA3B71}
	EndGlobalSection
EndGlobal
